
Microsoft Visual Studio Solution File, Format Version 12.00
# Visual Studio Version 16
VisualStudioVersion = 16.0.29025.244
MinimumVisualStudioVersion = 10.0.40219.1
Project("{9092AA53-FB77-4645-B42D-1CCCA6BD08BD}") = "NodeJSTest", "NodeJSTest.njsproj", "{2FDCBA84-BDE3-4D13-9607-1D538E82629C}"
EndProject
Global
	GlobalSection(SolutionConfigurationPlatforms) = preSolution
		Debug|Any CPU = Debug|Any CPU
		Release|Any CPU = Release|Any CPU
	EndGlobalSection
	GlobalSection(ProjectConfigurationPlatforms) = postSolution
		{2FDCBA84-BDE3-4D13-9607-1D538E82629C}.Debug|Any CPU.ActiveCfg = Debug|Any CPU
		{2FDCBA84-BDE3-4D13-9607-1D538E82629C}.Debug|Any CPU.Build.0 = Debug|Any CPU
		{2FDCBA84-BDE3-4D13-9607-1D538E82629C}.Release|Any CPU.ActiveCfg = Release|Any CPU
		{2FDCBA84-BDE3-4D13-9607-1D538E82629C}.Release|Any CPU.Build.0 = Release|Any CPU
	EndGlobalSection
	GlobalSection(SolutionProperties) = preSolution
		HideSolutionNode = FALSE
	EndGlobalSection
	GlobalSection(ExtensibilityGlobals) = postSolution
		SolutionGuid = {CDBA0368-BAA7-4C0B-A4B3-A31C947C0C5B}
	EndGlobalSection
EndGlobal
